
Microsoft Visual Studio Solution File, Format Version 12.00
# Visual Studio Version 17
VisualStudioVersion = 17.6.33801.468
MinimumVisualStudioVersion = 10.0.40219.1
Project("{FAE04EC0-301F-11D3-BF4B-00C04F79EFBC}") = "QCSim", "QCSim\QCSim.csproj", "{5675CED2-BBC6-4E7D-90FA-03B8994789CA}"
EndProject
Global
	GlobalSection(SolutionConfigurationPlatforms) = preSolution
		Debug|Any CPU = Debug|Any CPU
		Release|Any CPU = Release|Any CPU
	EndGlobalSection
	GlobalSection(ProjectConfigurationPlatforms) = postSolution
		{5675CED2-BBC6-4E7D-90FA-03B8994789CA}.Debug|Any CPU.ActiveCfg = Debug|Any CPU
		{5675CED2-BBC6-4E7D-90FA-03B8994789CA}.Debug|Any CPU.Build.0 = Debug|Any CPU
		{5675CED2-BBC6-4E7D-90FA-03B8994789CA}.Release|Any CPU.ActiveCfg = Release|Any CPU
		{5675CED2-BBC6-4E7D-90FA-03B8994789CA}.Release|Any CPU.Build.0 = Release|Any CPU
	EndGlobalSection
	GlobalSection(SolutionProperties) = preSolution
		HideSolutionNode = FALSE
	EndGlobalSection
	GlobalSection(ExtensibilityGlobals) = postSolution
		SolutionGuid = {3EEE7C15-E373-4EDE-88C4-1C5819156F47}
	EndGlobalSection
EndGlobal
